
Microsoft Visual Studio Solution File, Format Version 12.00
# Visual Studio Version 17
VisualStudioVersion = 17.8.34309.116
MinimumVisualStudioVersion = 10.0.40219.1
Project("{FAE04EC0-301F-11D3-BF4B-00C04F79EFBC}") = "BatchAirdropClaim", "BatchAirdropClaim.csproj", "{C98E76E4-65D9-432D-B367-60292D238ED4}"
EndProject
Global
	GlobalSection(SolutionConfigurationPlatforms) = preSolution
		Debug|Any CPU = Debug|Any CPU
		Release|Any CPU = Release|Any CPU
	EndGlobalSection
	GlobalSection(ProjectConfigurationPlatforms) = postSolution
		{C98E76E4-65D9-432D-B367-60292D238ED4}.Debug|Any CPU.ActiveCfg = Debug|Any CPU
		{C98E76E4-65D9-432D-B367-60292D238ED4}.Debug|Any CPU.Build.0 = Debug|Any CPU
		{C98E76E4-65D9-432D-B367-60292D238ED4}.Release|Any CPU.ActiveCfg = Release|Any CPU
		{C98E76E4-65D9-432D-B367-60292D238ED4}.Release|Any CPU.Build.0 = Release|Any CPU
	EndGlobalSection
	GlobalSection(SolutionProperties) = preSolution
		HideSolutionNode = FALSE
	EndGlobalSection
	GlobalSection(ExtensibilityGlobals) = postSolution
		SolutionGuid = {E081B6D5-FDED-43A1-98C7-0A9B80735447}
	EndGlobalSection
EndGlobal
